<?xml version="1.0" encoding="utf-8"?>
<Project ToolsVersion="4.0" xmlns="http://schemas.microsoft.com/developer/msbuild/2003">
  <ItemGroup>
    <ClCompile Include="tests\pch.cpp">
      <Filter>Common Files</Filter>
    </ClCompile>
    <ClCompile Include="tests\LogTests.cpp">
      <Filter>Common Files</Filter>
    </ClCompile>
    <ClCompile Include="TestLogging.cpp">
      <Filter>Tests</Filter>
    </ClCompile>
    <ClCompile Include="src\Logger.cpp">
      <Filter>Tests</Filter>
    </ClCompile>
    <ClCompile Include="tests\TestConnect.cpp">
      <Filter>Tests</Filter>
    </ClCompile>
  </ItemGroup>
  <ItemGroup>
    <None Include="packages.config" />
  </ItemGroup>
  <ItemGroup>
    <Filter Include="Common Files">
      <UniqueIdentifier>{1b548628-d9e0-4a5b-94ab-5e69cae5db31}</UniqueIdentifier>
    </Filter>
    <Filter Include="Tests">
      <UniqueIdentifier>{182ed523-1015-48b2-8d76-12ca4b1d23f8}</UniqueIdentifier>
    </Filter>
  </ItemGroup>
  <ItemGroup>
    <ClInclude Include="tests\pch.h">
      <Filter>Common Files</Filter>
    </ClInclude>
    <ClInclude Include="src\Log.h">
      <Filter>Tests</Filter>
    </ClInclude>
  </ItemGroup>
</Project>